
Microsoft Visual Studio Solution File, Format Version 12.00
# Visual Studio Version 16
VisualStudioVersion = 16.0.30611.23
MinimumVisualStudioVersion = 10.0.40219.1
Project("{FAE04EC0-301F-11D3-BF4B-00C04F79EFBC}") = "Ugadai_Chislo", "Ugadai_Chislo.csproj", "{2586EDD8-C43C-4226-998F-E0BDACC84C14}"
EndProject
Global
	GlobalSection(SolutionConfigurationPlatforms) = preSolution
		Debug|Any CPU = Debug|Any CPU
		Release|Any CPU = Release|Any CPU
	EndGlobalSection
	GlobalSection(ProjectConfigurationPlatforms) = postSolution
		{2586EDD8-C43C-4226-998F-E0BDACC84C14}.Debug|Any CPU.ActiveCfg = Debug|Any CPU
		{2586EDD8-C43C-4226-998F-E0BDACC84C14}.Debug|Any CPU.Build.0 = Debug|Any CPU
		{2586EDD8-C43C-4226-998F-E0BDACC84C14}.Release|Any CPU.ActiveCfg = Release|Any CPU
		{2586EDD8-C43C-4226-998F-E0BDACC84C14}.Release|Any CPU.Build.0 = Release|Any CPU
	EndGlobalSection
	GlobalSection(SolutionProperties) = preSolution
		HideSolutionNode = FALSE
	EndGlobalSection
	GlobalSection(ExtensibilityGlobals) = postSolution
		SolutionGuid = {761EF700-E456-4157-95CB-73CAD3CEBD37}
	EndGlobalSection
EndGlobal
